
Microsoft Visual Studio Solution File, Format Version 12.00
# Visual Studio Version 17
VisualStudioVersion = 17.4.33110.190
MinimumVisualStudioVersion = 10.0.40219.1
Project("{00D1A9C2-B5F0-4AF3-8072-F6C62B433612}") = "iPaaS", "iPaaS.sqlproj", "{E1493723-E5F2-41C0-AA2F-569A880E33FA}"
EndProject
Global
	GlobalSection(SolutionConfigurationPlatforms) = preSolution
		Debug|Any CPU = Debug|Any CPU
		Release|Any CPU = Release|Any CPU
	EndGlobalSection
	GlobalSection(ProjectConfigurationPlatforms) = postSolution
		{E1493723-E5F2-41C0-AA2F-569A880E33FA}.Debug|Any CPU.ActiveCfg = Debug|Any CPU
		{E1493723-E5F2-41C0-AA2F-569A880E33FA}.Debug|Any CPU.Build.0 = Debug|Any CPU
		{E1493723-E5F2-41C0-AA2F-569A880E33FA}.Debug|Any CPU.Deploy.0 = Debug|Any CPU
		{E1493723-E5F2-41C0-AA2F-569A880E33FA}.Release|Any CPU.ActiveCfg = Release|Any CPU
		{E1493723-E5F2-41C0-AA2F-569A880E33FA}.Release|Any CPU.Build.0 = Release|Any CPU
		{E1493723-E5F2-41C0-AA2F-569A880E33FA}.Release|Any CPU.Deploy.0 = Release|Any CPU
	EndGlobalSection
	GlobalSection(SolutionProperties) = preSolution
		HideSolutionNode = FALSE
	EndGlobalSection
	GlobalSection(ExtensibilityGlobals) = postSolution
		SolutionGuid = {D9BB731C-C0B6-4A49-95E3-70E289714784}
	EndGlobalSection
EndGlobal
